
Microsoft Visual Studio Solution File, Format Version 12.00
# Visual Studio Version 17
VisualStudioVersion = 17.5.002.0
MinimumVisualStudioVersion = 10.0.40219.1
Project("{9A19103F-16F7-4668-BE54-9A1E7A4F7556}") = "tl2-tp1-2023-Trigo00", "tl2-tp1-2023-Trigo00.csproj", "{B68F72C1-A3FF-4613-8818-EA51FB302847}"
EndProject
Global
	GlobalSection(SolutionConfigurationPlatforms) = preSolution
		Debug|Any CPU = Debug|Any CPU
		Release|Any CPU = Release|Any CPU
	EndGlobalSection
	GlobalSection(ProjectConfigurationPlatforms) = postSolution
		{B68F72C1-A3FF-4613-8818-EA51FB302847}.Debug|Any CPU.ActiveCfg = Debug|Any CPU
		{B68F72C1-A3FF-4613-8818-EA51FB302847}.Debug|Any CPU.Build.0 = Debug|Any CPU
		{B68F72C1-A3FF-4613-8818-EA51FB302847}.Release|Any CPU.ActiveCfg = Release|Any CPU
		{B68F72C1-A3FF-4613-8818-EA51FB302847}.Release|Any CPU.Build.0 = Release|Any CPU
	EndGlobalSection
	GlobalSection(SolutionProperties) = preSolution
		HideSolutionNode = FALSE
	EndGlobalSection
	GlobalSection(ExtensibilityGlobals) = postSolution
		SolutionGuid = {7BB0743C-3443-4A80-B232-15CB68E069E0}
	EndGlobalSection
EndGlobal
